
Microsoft Visual Studio Solution File, Format Version 12.00
# Visual Studio Version 17
VisualStudioVersion = 17.7.34018.315
MinimumVisualStudioVersion = 10.0.40219.1
Project("{9A19103F-16F7-4668-BE54-9A1E7A4F7556}") = "ServiceKeeper.UI", "ServiceKeeper.UI.csproj", "{EDDFB374-678C-4393-BC12-25E37CFB5E30}"
EndProject
Project("{9A19103F-16F7-4668-BE54-9A1E7A4F7556}") = "ServiceKeeper.Core", "..\ServiceKeeper.Core\ServiceKeeper.Core.csproj", "{B63CE881-7654-4FE2-A87B-13AB6BF10250}"
EndProject
Global
	GlobalSection(SolutionConfigurationPlatforms) = preSolution
		Debug|Any CPU = Debug|Any CPU
		Release|Any CPU = Release|Any CPU
	EndGlobalSection
	GlobalSection(ProjectConfigurationPlatforms) = postSolution
		{EDDFB374-678C-4393-BC12-25E37CFB5E30}.Debug|Any CPU.ActiveCfg = Debug|Any CPU
		{EDDFB374-678C-4393-BC12-25E37CFB5E30}.Debug|Any CPU.Build.0 = Debug|Any CPU
		{EDDFB374-678C-4393-BC12-25E37CFB5E30}.Release|Any CPU.ActiveCfg = Release|Any CPU
		{EDDFB374-678C-4393-BC12-25E37CFB5E30}.Release|Any CPU.Build.0 = Release|Any CPU
		{B63CE881-7654-4FE2-A87B-13AB6BF10250}.Debug|Any CPU.ActiveCfg = Debug|Any CPU
		{B63CE881-7654-4FE2-A87B-13AB6BF10250}.Debug|Any CPU.Build.0 = Debug|Any CPU
		{B63CE881-7654-4FE2-A87B-13AB6BF10250}.Release|Any CPU.ActiveCfg = Release|Any CPU
		{B63CE881-7654-4FE2-A87B-13AB6BF10250}.Release|Any CPU.Build.0 = Release|Any CPU
	EndGlobalSection
	GlobalSection(SolutionProperties) = preSolution
		HideSolutionNode = FALSE
	EndGlobalSection
	GlobalSection(ExtensibilityGlobals) = postSolution
		SolutionGuid = {0589630C-61C1-42D4-82B3-95E0F64C572D}
	EndGlobalSection
EndGlobal
